
Microsoft Visual Studio Solution File, Format Version 12.00
# Visual Studio Version 17
VisualStudioVersion = 17.4.33205.214
MinimumVisualStudioVersion = 10.0.40219.1
Project("{FAE04EC0-301F-11D3-BF4B-00C04F79EFBC}") = "01_Primera_Vez", "01_Primera_Vez.csproj", "{F273C96C-5AA6-4AF3-B540-7C2B633F8291}"
EndProject
Global
	GlobalSection(SolutionConfigurationPlatforms) = preSolution
		Debug|Any CPU = Debug|Any CPU
		Release|Any CPU = Release|Any CPU
	EndGlobalSection
	GlobalSection(ProjectConfigurationPlatforms) = postSolution
		{F273C96C-5AA6-4AF3-B540-7C2B633F8291}.Debug|Any CPU.ActiveCfg = Debug|Any CPU
		{F273C96C-5AA6-4AF3-B540-7C2B633F8291}.Debug|Any CPU.Build.0 = Debug|Any CPU
		{F273C96C-5AA6-4AF3-B540-7C2B633F8291}.Release|Any CPU.ActiveCfg = Release|Any CPU
		{F273C96C-5AA6-4AF3-B540-7C2B633F8291}.Release|Any CPU.Build.0 = Release|Any CPU
	EndGlobalSection
	GlobalSection(SolutionProperties) = preSolution
		HideSolutionNode = FALSE
	EndGlobalSection
	GlobalSection(ExtensibilityGlobals) = postSolution
		SolutionGuid = {EB876149-84AF-439E-989A-D1E88AEC7A25}
	EndGlobalSection
EndGlobal
